
Microsoft Visual Studio Solution File, Format Version 12.00
# Visual Studio Version 16
VisualStudioVersion = 16.0.31205.134
MinimumVisualStudioVersion = 10.0.40219.1
Project("{8BC9CEB8-8B4A-11D0-8D11-00A0C91BC942}") = "OOP_HW-1", "OOP_HW-1\OOP_HW-1.vcxproj", "{801621DC-0413-4C82-8591-EDF920E56C4A}"
EndProject
Global
	GlobalSection(SolutionConfigurationPlatforms) = preSolution
		Debug|x64 = Debug|x64
		Debug|x86 = Debug|x86
		Release|x64 = Release|x64
		Release|x86 = Release|x86
	EndGlobalSection
	GlobalSection(ProjectConfigurationPlatforms) = postSolution
		{801621DC-0413-4C82-8591-EDF920E56C4A}.Debug|x64.ActiveCfg = Debug|x64
		{801621DC-0413-4C82-8591-EDF920E56C4A}.Debug|x64.Build.0 = Debug|x64
		{801621DC-0413-4C82-8591-EDF920E56C4A}.Debug|x86.ActiveCfg = Debug|Win32
		{801621DC-0413-4C82-8591-EDF920E56C4A}.Debug|x86.Build.0 = Debug|Win32
		{801621DC-0413-4C82-8591-EDF920E56C4A}.Release|x64.ActiveCfg = Release|x64
		{801621DC-0413-4C82-8591-EDF920E56C4A}.Release|x64.Build.0 = Release|x64
		{801621DC-0413-4C82-8591-EDF920E56C4A}.Release|x86.ActiveCfg = Release|Win32
		{801621DC-0413-4C82-8591-EDF920E56C4A}.Release|x86.Build.0 = Release|Win32
	EndGlobalSection
	GlobalSection(SolutionProperties) = preSolution
		HideSolutionNode = FALSE
	EndGlobalSection
	GlobalSection(ExtensibilityGlobals) = postSolution
		SolutionGuid = {C2FB7561-CA49-4DB6-867A-BA72EB2803EC}
	EndGlobalSection
EndGlobal
